
Microsoft Visual Studio Solution File, Format Version 12.00
# Visual Studio Version 17
VisualStudioVersion = 17.4.33122.133
MinimumVisualStudioVersion = 10.0.40219.1
Project("{8BC9CEB8-8B4A-11D0-8D11-00A0C91BC942}") = "queueLinkedList", "queueLinkedList\queueLinkedList.vcxproj", "{EE7A8058-6F05-407B-A767-1CD2A942D068}"
EndProject
Global
	GlobalSection(SolutionConfigurationPlatforms) = preSolution
		Debug|x64 = Debug|x64
		Debug|x86 = Debug|x86
		Release|x64 = Release|x64
		Release|x86 = Release|x86
	EndGlobalSection
	GlobalSection(ProjectConfigurationPlatforms) = postSolution
		{EE7A8058-6F05-407B-A767-1CD2A942D068}.Debug|x64.ActiveCfg = Debug|x64
		{EE7A8058-6F05-407B-A767-1CD2A942D068}.Debug|x64.Build.0 = Debug|x64
		{EE7A8058-6F05-407B-A767-1CD2A942D068}.Debug|x86.ActiveCfg = Debug|Win32
		{EE7A8058-6F05-407B-A767-1CD2A942D068}.Debug|x86.Build.0 = Debug|Win32
		{EE7A8058-6F05-407B-A767-1CD2A942D068}.Release|x64.ActiveCfg = Release|x64
		{EE7A8058-6F05-407B-A767-1CD2A942D068}.Release|x64.Build.0 = Release|x64
		{EE7A8058-6F05-407B-A767-1CD2A942D068}.Release|x86.ActiveCfg = Release|Win32
		{EE7A8058-6F05-407B-A767-1CD2A942D068}.Release|x86.Build.0 = Release|Win32
	EndGlobalSection
	GlobalSection(SolutionProperties) = preSolution
		HideSolutionNode = FALSE
	EndGlobalSection
	GlobalSection(ExtensibilityGlobals) = postSolution
		SolutionGuid = {0E6AA44C-372E-4B6B-AFF8-ADACF487A94B}
	EndGlobalSection
EndGlobal
